
Microsoft Visual Studio Solution File, Format Version 12.00
# Visual Studio Version 16
VisualStudioVersion = 16.0.31205.134
MinimumVisualStudioVersion = 10.0.40219.1
Project("{FAE04EC0-301F-11D3-BF4B-00C04F79EFBC}") = "Lab8", "Lab8.csproj", "{3A13F376-7F06-4443-AE72-E05E8C42ABBC}"
EndProject
Global
	GlobalSection(SolutionConfigurationPlatforms) = preSolution
		Debug|Any CPU = Debug|Any CPU
		Release|Any CPU = Release|Any CPU
	EndGlobalSection
	GlobalSection(ProjectConfigurationPlatforms) = postSolution
		{3A13F376-7F06-4443-AE72-E05E8C42ABBC}.Debug|Any CPU.ActiveCfg = Debug|Any CPU
		{3A13F376-7F06-4443-AE72-E05E8C42ABBC}.Debug|Any CPU.Build.0 = Debug|Any CPU
		{3A13F376-7F06-4443-AE72-E05E8C42ABBC}.Release|Any CPU.ActiveCfg = Release|Any CPU
		{3A13F376-7F06-4443-AE72-E05E8C42ABBC}.Release|Any CPU.Build.0 = Release|Any CPU
	EndGlobalSection
	GlobalSection(SolutionProperties) = preSolution
		HideSolutionNode = FALSE
	EndGlobalSection
	GlobalSection(ExtensibilityGlobals) = postSolution
		SolutionGuid = {B4DD4DC0-C362-475D-A6D4-A61AC3E2CFF0}
	EndGlobalSection
EndGlobal
